
Microsoft Visual Studio Solution File, Format Version 12.00
# Visual Studio Version 17
VisualStudioVersion = 17.3.32922.545
MinimumVisualStudioVersion = 10.0.40219.1
Project("{FAE04EC0-301F-11D3-BF4B-00C04F79EFBC}") = "WordSample", "WordSample\WordSample.csproj", "{4472F726-CCA2-40B5-94FB-9CE8391F9392}"
EndProject
Global
	GlobalSection(SolutionConfigurationPlatforms) = preSolution
		Debug|Any CPU = Debug|Any CPU
		Release|Any CPU = Release|Any CPU
	EndGlobalSection
	GlobalSection(ProjectConfigurationPlatforms) = postSolution
		{4472F726-CCA2-40B5-94FB-9CE8391F9392}.Debug|Any CPU.ActiveCfg = Debug|Any CPU
		{4472F726-CCA2-40B5-94FB-9CE8391F9392}.Debug|Any CPU.Build.0 = Debug|Any CPU
		{4472F726-CCA2-40B5-94FB-9CE8391F9392}.Release|Any CPU.ActiveCfg = Release|Any CPU
		{4472F726-CCA2-40B5-94FB-9CE8391F9392}.Release|Any CPU.Build.0 = Release|Any CPU
	EndGlobalSection
	GlobalSection(SolutionProperties) = preSolution
		HideSolutionNode = FALSE
	EndGlobalSection
	GlobalSection(ExtensibilityGlobals) = postSolution
		SolutionGuid = {FA709545-A0C5-46A6-9969-10DBB1AAB23B}
	EndGlobalSection
EndGlobal
